
Microsoft Visual Studio Solution File, Format Version 12.00
Project("{FAE04EC0-301F-11D3-BF4B-00C04F79EFBC}") = "MyLibrary.Tests", "..\MyLibrary.Tests\MyLibrary.Tests.csproj", "{86B8E096-1A0E-4E89-AE91-AF6F82E51A89}"
EndProject
Project("{FAE04EC0-301F-11D3-BF4B-00C04F79EFBC}") = "MyLibrary", "MyLibrary\MyLibrary.csproj", "{FF34873F-2717-4CAC-9E40-7ECCC2B7B6CC}"
EndProject
Project("{FAE04EC0-301F-11D3-BF4B-00C04F79EFBC}") = "ShowCase", "ShowCase\ShowCase.csproj", "{3076938E-DFE3-4A5F-A904-92ED7E6AC8E8}"
EndProject
Project("{FAE04EC0-301F-11D3-BF4B-00C04F79EFBC}") = "StringLibraryTest", "StringLibraryTest\StringLibraryTest.csproj", "{07069075-6C06-4968-93FC-6C95E83F0F99}"
EndProject
Global
	GlobalSection(SolutionConfigurationPlatforms) = preSolution
		Debug|Any CPU = Debug|Any CPU
		Debug|x64 = Debug|x64
		Debug|x86 = Debug|x86
		Release|Any CPU = Release|Any CPU
		Release|x64 = Release|x64
		Release|x86 = Release|x86
	EndGlobalSection
	GlobalSection(ProjectConfigurationPlatforms) = postSolution
		{86B8E096-1A0E-4E89-AE91-AF6F82E51A89}.Debug|Any CPU.ActiveCfg = Debug|Any CPU
		{86B8E096-1A0E-4E89-AE91-AF6F82E51A89}.Debug|Any CPU.Build.0 = Debug|Any CPU
		{86B8E096-1A0E-4E89-AE91-AF6F82E51A89}.Debug|x64.ActiveCfg = Debug|Any CPU
		{86B8E096-1A0E-4E89-AE91-AF6F82E51A89}.Debug|x64.Build.0 = Debug|Any CPU
		{86B8E096-1A0E-4E89-AE91-AF6F82E51A89}.Debug|x86.ActiveCfg = Debug|Any CPU
		{86B8E096-1A0E-4E89-AE91-AF6F82E51A89}.Debug|x86.Build.0 = Debug|Any CPU
		{86B8E096-1A0E-4E89-AE91-AF6F82E51A89}.Release|Any CPU.ActiveCfg = Release|Any CPU
		{86B8E096-1A0E-4E89-AE91-AF6F82E51A89}.Release|Any CPU.Build.0 = Release|Any CPU
		{86B8E096-1A0E-4E89-AE91-AF6F82E51A89}.Release|x64.ActiveCfg = Release|Any CPU
		{86B8E096-1A0E-4E89-AE91-AF6F82E51A89}.Release|x64.Build.0 = Release|Any CPU
		{86B8E096-1A0E-4E89-AE91-AF6F82E51A89}.Release|x86.ActiveCfg = Release|Any CPU
		{86B8E096-1A0E-4E89-AE91-AF6F82E51A89}.Release|x86.Build.0 = Release|Any CPU
		{FF34873F-2717-4CAC-9E40-7ECCC2B7B6CC}.Debug|Any CPU.ActiveCfg = Debug|Any CPU
		{FF34873F-2717-4CAC-9E40-7ECCC2B7B6CC}.Debug|Any CPU.Build.0 = Debug|Any CPU
		{FF34873F-2717-4CAC-9E40-7ECCC2B7B6CC}.Debug|x64.ActiveCfg = Debug|Any CPU
		{FF34873F-2717-4CAC-9E40-7ECCC2B7B6CC}.Debug|x64.Build.0 = Debug|Any CPU
		{FF34873F-2717-4CAC-9E40-7ECCC2B7B6CC}.Debug|x86.ActiveCfg = Debug|Any CPU
		{FF34873F-2717-4CAC-9E40-7ECCC2B7B6CC}.Debug|x86.Build.0 = Debug|Any CPU
		{FF34873F-2717-4CAC-9E40-7ECCC2B7B6CC}.Release|Any CPU.ActiveCfg = Release|Any CPU
		{FF34873F-2717-4CAC-9E40-7ECCC2B7B6CC}.Release|Any CPU.Build.0 = Release|Any CPU
		{FF34873F-2717-4CAC-9E40-7ECCC2B7B6CC}.Release|x64.ActiveCfg = Release|Any CPU
		{FF34873F-2717-4CAC-9E40-7ECCC2B7B6CC}.Release|x64.Build.0 = Release|Any CPU
		{FF34873F-2717-4CAC-9E40-7ECCC2B7B6CC}.Release|x86.ActiveCfg = Release|Any CPU
		{FF34873F-2717-4CAC-9E40-7ECCC2B7B6CC}.Release|x86.Build.0 = Release|Any CPU
		{3076938E-DFE3-4A5F-A904-92ED7E6AC8E8}.Debug|Any CPU.ActiveCfg = Debug|Any CPU
		{3076938E-DFE3-4A5F-A904-92ED7E6AC8E8}.Debug|Any CPU.Build.0 = Debug|Any CPU
		{3076938E-DFE3-4A5F-A904-92ED7E6AC8E8}.Debug|x64.ActiveCfg = Debug|Any CPU
		{3076938E-DFE3-4A5F-A904-92ED7E6AC8E8}.Debug|x64.Build.0 = Debug|Any CPU
		{3076938E-DFE3-4A5F-A904-92ED7E6AC8E8}.Debug|x86.ActiveCfg = Debug|Any CPU
		{3076938E-DFE3-4A5F-A904-92ED7E6AC8E8}.Debug|x86.Build.0 = Debug|Any CPU
		{3076938E-DFE3-4A5F-A904-92ED7E6AC8E8}.Release|Any CPU.ActiveCfg = Release|Any CPU
		{3076938E-DFE3-4A5F-A904-92ED7E6AC8E8}.Release|Any CPU.Build.0 = Release|Any CPU
		{3076938E-DFE3-4A5F-A904-92ED7E6AC8E8}.Release|x64.ActiveCfg = Release|Any CPU
		{3076938E-DFE3-4A5F-A904-92ED7E6AC8E8}.Release|x64.Build.0 = Release|Any CPU
		{3076938E-DFE3-4A5F-A904-92ED7E6AC8E8}.Release|x86.ActiveCfg = Release|Any CPU
		{3076938E-DFE3-4A5F-A904-92ED7E6AC8E8}.Release|x86.Build.0 = Release|Any CPU
		{07069075-6C06-4968-93FC-6C95E83F0F99}.Debug|Any CPU.ActiveCfg = Debug|Any CPU
		{07069075-6C06-4968-93FC-6C95E83F0F99}.Debug|Any CPU.Build.0 = Debug|Any CPU
		{07069075-6C06-4968-93FC-6C95E83F0F99}.Debug|x64.ActiveCfg = Debug|Any CPU
		{07069075-6C06-4968-93FC-6C95E83F0F99}.Debug|x64.Build.0 = Debug|Any CPU
		{07069075-6C06-4968-93FC-6C95E83F0F99}.Debug|x86.ActiveCfg = Debug|Any CPU
		{07069075-6C06-4968-93FC-6C95E83F0F99}.Debug|x86.Build.0 = Debug|Any CPU
		{07069075-6C06-4968-93FC-6C95E83F0F99}.Release|Any CPU.ActiveCfg = Release|Any CPU
		{07069075-6C06-4968-93FC-6C95E83F0F99}.Release|Any CPU.Build.0 = Release|Any CPU
		{07069075-6C06-4968-93FC-6C95E83F0F99}.Release|x64.ActiveCfg = Release|Any CPU
		{07069075-6C06-4968-93FC-6C95E83F0F99}.Release|x64.Build.0 = Release|Any CPU
		{07069075-6C06-4968-93FC-6C95E83F0F99}.Release|x86.ActiveCfg = Release|Any CPU
		{07069075-6C06-4968-93FC-6C95E83F0F99}.Release|x86.Build.0 = Release|Any CPU
	EndGlobalSection
	GlobalSection(SolutionProperties) = preSolution
		HideSolutionNode = FALSE
	EndGlobalSection
EndGlobal
